
Microsoft Visual Studio Solution File, Format Version 12.00
# Visual Studio 15
VisualStudioVersion = 15.0.28010.2046
MinimumVisualStudioVersion = 10.0.40219.1
Project("{2150E333-8FDC-42A3-9474-1A3956D46DE8}") = "1. Entidades", "1. Entidades", "{FD3E1A76-57A4-4BBE-9C1F-3ACBCBC10C92}"
EndProject
Project("{2150E333-8FDC-42A3-9474-1A3956D46DE8}") = "2. Contexto", "2. Contexto", "{CEBC938C-7C64-4291-A20E-C27EDCE1F83B}"
EndProject
Project("{FAE04EC0-301F-11D3-BF4B-00C04F79EFBC}") = "Entidades", "Entidades\Entidades.csproj", "{9C6218C9-9037-4377-AF69-7D92C6B55E73}"
EndProject
Project("{FAE04EC0-301F-11D3-BF4B-00C04F79EFBC}") = "Contexto", "Contexto\Contexto.csproj", "{9918973B-F0B8-4F22-8E00-4529D950622D}"
EndProject
Project("{2150E333-8FDC-42A3-9474-1A3956D46DE8}") = "3. CORE", "3. CORE", "{6D34D0E5-07FF-4BDB-9137-33885DD661D7}"
EndProject
Project("{FAE04EC0-301F-11D3-BF4B-00C04F79EFBC}") = "Core", "Core\Core.csproj", "{C1AF4D12-32C9-41B7-BF9D-68904264602C}"
EndProject
Project("{2150E333-8FDC-42A3-9474-1A3956D46DE8}") = "4. Repositorio", "4. Repositorio", "{E8D7922E-CC72-4313-8C2B-FD59B558BA13}"
EndProject
Project("{FAE04EC0-301F-11D3-BF4B-00C04F79EFBC}") = "Repositorio", "Repositorio\Repositorio.csproj", "{F63116BB-6609-4E4A-AD66-3E769EAD52FB}"
EndProject
Project("{2150E333-8FDC-42A3-9474-1A3956D46DE8}") = "5. Servicio", "5. Servicio", "{D0AE7640-D860-4D56-A45A-0C9D820D2CF0}"
EndProject
Project("{FAE04EC0-301F-11D3-BF4B-00C04F79EFBC}") = "Servicio", "Servicio\Servicio.csproj", "{D7465EF9-39C7-47F2-9AF7-AA373932927E}"
EndProject
Project("{2150E333-8FDC-42A3-9474-1A3956D46DE8}") = "6. Transaccion", "6. Transaccion", "{61DC4FEA-7E45-4E9B-9BE3-D334B026D1B9}"
EndProject
Project("{FAE04EC0-301F-11D3-BF4B-00C04F79EFBC}") = "Transaccion", "Transaccion\Transaccion.csproj", "{C26ABB1F-77F6-4F71-94FB-90B4FC0008C0}"
EndProject
Project("{2150E333-8FDC-42A3-9474-1A3956D46DE8}") = "7. ServicioWCF", "7. ServicioWCF", "{E073793A-E97D-4894-82BC-FCF450FA7F1D}"
EndProject
Project("{FAE04EC0-301F-11D3-BF4B-00C04F79EFBC}") = "WcfColegio", "WcfColegio\WcfColegio.csproj", "{FC0EBB34-29CF-455E-8593-7718C92AECA8}"
EndProject
Project("{2150E333-8FDC-42A3-9474-1A3956D46DE8}") = "8. Aplicacion Web", "8. Aplicacion Web", "{25C4AE74-D261-44CC-8560-BC48FD9009E7}"
EndProject
Project("{FAE04EC0-301F-11D3-BF4B-00C04F79EFBC}") = "AplicacionWeb", "AplicacionWeb\AplicacionWeb.csproj", "{8929A9A8-88BF-4B36-BDC2-0F99C2EBF232}"
	ProjectSection(ProjectDependencies) = postProject
		{FC0EBB34-29CF-455E-8593-7718C92AECA8} = {FC0EBB34-29CF-455E-8593-7718C92AECA8}
	EndProjectSection
EndProject
Global
	GlobalSection(SolutionConfigurationPlatforms) = preSolution
		Debug|Any CPU = Debug|Any CPU
		Release|Any CPU = Release|Any CPU
	EndGlobalSection
	GlobalSection(ProjectConfigurationPlatforms) = postSolution
		{9C6218C9-9037-4377-AF69-7D92C6B55E73}.Debug|Any CPU.ActiveCfg = Debug|Any CPU
		{9C6218C9-9037-4377-AF69-7D92C6B55E73}.Debug|Any CPU.Build.0 = Debug|Any CPU
		{9C6218C9-9037-4377-AF69-7D92C6B55E73}.Release|Any CPU.ActiveCfg = Release|Any CPU
		{9C6218C9-9037-4377-AF69-7D92C6B55E73}.Release|Any CPU.Build.0 = Release|Any CPU
		{9918973B-F0B8-4F22-8E00-4529D950622D}.Debug|Any CPU.ActiveCfg = Debug|Any CPU
		{9918973B-F0B8-4F22-8E00-4529D950622D}.Debug|Any CPU.Build.0 = Debug|Any CPU
		{9918973B-F0B8-4F22-8E00-4529D950622D}.Release|Any CPU.ActiveCfg = Release|Any CPU
		{9918973B-F0B8-4F22-8E00-4529D950622D}.Release|Any CPU.Build.0 = Release|Any CPU
		{C1AF4D12-32C9-41B7-BF9D-68904264602C}.Debug|Any CPU.ActiveCfg = Debug|Any CPU
		{C1AF4D12-32C9-41B7-BF9D-68904264602C}.Debug|Any CPU.Build.0 = Debug|Any CPU
		{C1AF4D12-32C9-41B7-BF9D-68904264602C}.Release|Any CPU.ActiveCfg = Release|Any CPU
		{C1AF4D12-32C9-41B7-BF9D-68904264602C}.Release|Any CPU.Build.0 = Release|Any CPU
		{F63116BB-6609-4E4A-AD66-3E769EAD52FB}.Debug|Any CPU.ActiveCfg = Debug|Any CPU
		{F63116BB-6609-4E4A-AD66-3E769EAD52FB}.Debug|Any CPU.Build.0 = Debug|Any CPU
		{F63116BB-6609-4E4A-AD66-3E769EAD52FB}.Release|Any CPU.ActiveCfg = Release|Any CPU
		{F63116BB-6609-4E4A-AD66-3E769EAD52FB}.Release|Any CPU.Build.0 = Release|Any CPU
		{D7465EF9-39C7-47F2-9AF7-AA373932927E}.Debug|Any CPU.ActiveCfg = Debug|Any CPU
		{D7465EF9-39C7-47F2-9AF7-AA373932927E}.Debug|Any CPU.Build.0 = Debug|Any CPU
		{D7465EF9-39C7-47F2-9AF7-AA373932927E}.Release|Any CPU.ActiveCfg = Release|Any CPU
		{D7465EF9-39C7-47F2-9AF7-AA373932927E}.Release|Any CPU.Build.0 = Release|Any CPU
		{C26ABB1F-77F6-4F71-94FB-90B4FC0008C0}.Debug|Any CPU.ActiveCfg = Debug|Any CPU
		{C26ABB1F-77F6-4F71-94FB-90B4FC0008C0}.Debug|Any CPU.Build.0 = Debug|Any CPU
		{C26ABB1F-77F6-4F71-94FB-90B4FC0008C0}.Release|Any CPU.ActiveCfg = Release|Any CPU
		{C26ABB1F-77F6-4F71-94FB-90B4FC0008C0}.Release|Any CPU.Build.0 = Release|Any CPU
		{FC0EBB34-29CF-455E-8593-7718C92AECA8}.Debug|Any CPU.ActiveCfg = Debug|Any CPU
		{FC0EBB34-29CF-455E-8593-7718C92AECA8}.Debug|Any CPU.Build.0 = Debug|Any CPU
		{FC0EBB34-29CF-455E-8593-7718C92AECA8}.Release|Any CPU.ActiveCfg = Release|Any CPU
		{FC0EBB34-29CF-455E-8593-7718C92AECA8}.Release|Any CPU.Build.0 = Release|Any CPU
		{8929A9A8-88BF-4B36-BDC2-0F99C2EBF232}.Debug|Any CPU.ActiveCfg = Debug|Any CPU
		{8929A9A8-88BF-4B36-BDC2-0F99C2EBF232}.Debug|Any CPU.Build.0 = Debug|Any CPU
		{8929A9A8-88BF-4B36-BDC2-0F99C2EBF232}.Release|Any CPU.ActiveCfg = Release|Any CPU
		{8929A9A8-88BF-4B36-BDC2-0F99C2EBF232}.Release|Any CPU.Build.0 = Release|Any CPU
	EndGlobalSection
	GlobalSection(SolutionProperties) = preSolution
		HideSolutionNode = FALSE
	EndGlobalSection
	GlobalSection(NestedProjects) = preSolution
		{9C6218C9-9037-4377-AF69-7D92C6B55E73} = {FD3E1A76-57A4-4BBE-9C1F-3ACBCBC10C92}
		{9918973B-F0B8-4F22-8E00-4529D950622D} = {CEBC938C-7C64-4291-A20E-C27EDCE1F83B}
		{C1AF4D12-32C9-41B7-BF9D-68904264602C} = {6D34D0E5-07FF-4BDB-9137-33885DD661D7}
		{F63116BB-6609-4E4A-AD66-3E769EAD52FB} = {E8D7922E-CC72-4313-8C2B-FD59B558BA13}
		{D7465EF9-39C7-47F2-9AF7-AA373932927E} = {D0AE7640-D860-4D56-A45A-0C9D820D2CF0}
		{C26ABB1F-77F6-4F71-94FB-90B4FC0008C0} = {61DC4FEA-7E45-4E9B-9BE3-D334B026D1B9}
		{FC0EBB34-29CF-455E-8593-7718C92AECA8} = {E073793A-E97D-4894-82BC-FCF450FA7F1D}
		{8929A9A8-88BF-4B36-BDC2-0F99C2EBF232} = {25C4AE74-D261-44CC-8560-BC48FD9009E7}
	EndGlobalSection
	GlobalSection(ExtensibilityGlobals) = postSolution
		SolutionGuid = {6CAF412D-9FD5-4C3A-890A-90A9EA84788B}
	EndGlobalSection
EndGlobal
